
Microsoft Visual Studio Solution File, Format Version 12.00
# Visual Studio Version 17
VisualStudioVersion = 17.8.34330.188
MinimumVisualStudioVersion = 10.0.40219.1
Project("{9A19103F-16F7-4668-BE54-9A1E7A4F7556}") = "CarvedRock.Api", "CarvedRock.Api\CarvedRock.Api.csproj", "{DE3DC6E5-85A5-49CC-B526-471EDDDA024D}"
EndProject
Project("{9A19103F-16F7-4668-BE54-9A1E7A4F7556}") = "CarvedRock.OrderProcessor", "CarvedRock.OrderProcessor\CarvedRock.OrderProcessor.csproj", "{F6D54098-699E-4D76-9216-EDE69ABE4E5E}"
EndProject
Project("{9A19103F-16F7-4668-BE54-9A1E7A4F7556}") = "CarvedRock.InvoiceGenerator", "CarvedRock.InvoiceGenerator\CarvedRock.InvoiceGenerator.csproj", "{ED565121-EE61-4E0F-BB64-9DE120177DCD}"
EndProject
Project("{E53339B2-1760-4266-BCC7-CA923CBCF16C}") = "docker-compose", "docker-compose.dcproj", "{F7E3A7A0-77B7-4601-97AB-FFAB36F0F648}"
EndProject
Project("{9A19103F-16F7-4668-BE54-9A1E7A4F7556}") = "CarvedRock.App", "CarvedRock.App\CarvedRock.App.csproj", "{9038055F-2296-475A-ABCB-2B3C3FB524AC}"
EndProject
Project("{2150E333-8FDC-42A3-9474-1A3956D46DE8}") = "sql", "sql", "{41B0EBEC-E050-462F-A0E7-C60104C795FF}"
	ProjectSection(SolutionItems) = preProject
		entrypoint.sh = entrypoint.sh
		InitializeDatabase.sql = InitializeDatabase.sql
		setup.sh = setup.sh
		sql.Dockerfile = sql.Dockerfile
		wait-for-it.sh = wait-for-it.sh
	EndProjectSection
EndProject
Global
	GlobalSection(SolutionConfigurationPlatforms) = preSolution
		Debug|Any CPU = Debug|Any CPU
		Release|Any CPU = Release|Any CPU
	EndGlobalSection
	GlobalSection(ProjectConfigurationPlatforms) = postSolution
		{DE3DC6E5-85A5-49CC-B526-471EDDDA024D}.Debug|Any CPU.ActiveCfg = Debug|Any CPU
		{DE3DC6E5-85A5-49CC-B526-471EDDDA024D}.Debug|Any CPU.Build.0 = Debug|Any CPU
		{DE3DC6E5-85A5-49CC-B526-471EDDDA024D}.Release|Any CPU.ActiveCfg = Release|Any CPU
		{DE3DC6E5-85A5-49CC-B526-471EDDDA024D}.Release|Any CPU.Build.0 = Release|Any CPU
		{F6D54098-699E-4D76-9216-EDE69ABE4E5E}.Debug|Any CPU.ActiveCfg = Debug|Any CPU
		{F6D54098-699E-4D76-9216-EDE69ABE4E5E}.Debug|Any CPU.Build.0 = Debug|Any CPU
		{F6D54098-699E-4D76-9216-EDE69ABE4E5E}.Release|Any CPU.ActiveCfg = Release|Any CPU
		{F6D54098-699E-4D76-9216-EDE69ABE4E5E}.Release|Any CPU.Build.0 = Release|Any CPU
		{ED565121-EE61-4E0F-BB64-9DE120177DCD}.Debug|Any CPU.ActiveCfg = Debug|Any CPU
		{ED565121-EE61-4E0F-BB64-9DE120177DCD}.Debug|Any CPU.Build.0 = Debug|Any CPU
		{ED565121-EE61-4E0F-BB64-9DE120177DCD}.Release|Any CPU.ActiveCfg = Release|Any CPU
		{ED565121-EE61-4E0F-BB64-9DE120177DCD}.Release|Any CPU.Build.0 = Release|Any CPU
		{F7E3A7A0-77B7-4601-97AB-FFAB36F0F648}.Debug|Any CPU.ActiveCfg = Debug|Any CPU
		{F7E3A7A0-77B7-4601-97AB-FFAB36F0F648}.Debug|Any CPU.Build.0 = Debug|Any CPU
		{F7E3A7A0-77B7-4601-97AB-FFAB36F0F648}.Release|Any CPU.ActiveCfg = Release|Any CPU
		{F7E3A7A0-77B7-4601-97AB-FFAB36F0F648}.Release|Any CPU.Build.0 = Release|Any CPU
		{9038055F-2296-475A-ABCB-2B3C3FB524AC}.Debug|Any CPU.ActiveCfg = Debug|Any CPU
		{9038055F-2296-475A-ABCB-2B3C3FB524AC}.Debug|Any CPU.Build.0 = Debug|Any CPU
		{9038055F-2296-475A-ABCB-2B3C3FB524AC}.Release|Any CPU.ActiveCfg = Release|Any CPU
		{9038055F-2296-475A-ABCB-2B3C3FB524AC}.Release|Any CPU.Build.0 = Release|Any CPU
	EndGlobalSection
	GlobalSection(SolutionProperties) = preSolution
		HideSolutionNode = FALSE
	EndGlobalSection
	GlobalSection(ExtensibilityGlobals) = postSolution
		SolutionGuid = {85C19E52-54A2-4B16-A680-3444EE292228}
	EndGlobalSection
EndGlobal
